
Microsoft Visual Studio Solution File, Format Version 12.00
# Visual Studio 15
VisualStudioVersion = 15.0.27004.2005
MinimumVisualStudioVersion = 10.0.40219.1
Project("{F184B08F-C81C-45F6-A57F-5ABD9991F28F}") = "RVMasterLog", "RVMasterLog.vbproj", "{B0B8DF9D-514E-4B8D-B817-5BF9F5A9F74A}"
EndProject
Project("{F184B08F-C81C-45F6-A57F-5ABD9991F28F}") = "cllHUMessagesLibrary", "..\..\HULibs Development\Working Copy\cllHUMessagesLibrary\cllHUMessagesLibrary.vbproj", "{EEEDF6E8-BC01-4591-9332-BAA793B4C555}"
EndProject
Global
	GlobalSection(SolutionConfigurationPlatforms) = preSolution
		Debug|Any CPU = Debug|Any CPU
		Release|Any CPU = Release|Any CPU
	EndGlobalSection
	GlobalSection(ProjectConfigurationPlatforms) = postSolution
		{B0B8DF9D-514E-4B8D-B817-5BF9F5A9F74A}.Debug|Any CPU.ActiveCfg = Debug|Any CPU
		{B0B8DF9D-514E-4B8D-B817-5BF9F5A9F74A}.Debug|Any CPU.Build.0 = Debug|Any CPU
		{B0B8DF9D-514E-4B8D-B817-5BF9F5A9F74A}.Release|Any CPU.ActiveCfg = Release|Any CPU
		{B0B8DF9D-514E-4B8D-B817-5BF9F5A9F74A}.Release|Any CPU.Build.0 = Release|Any CPU
		{EEEDF6E8-BC01-4591-9332-BAA793B4C555}.Debug|Any CPU.ActiveCfg = Debug|Any CPU
		{EEEDF6E8-BC01-4591-9332-BAA793B4C555}.Debug|Any CPU.Build.0 = Debug|Any CPU
		{EEEDF6E8-BC01-4591-9332-BAA793B4C555}.Release|Any CPU.ActiveCfg = Release|Any CPU
		{EEEDF6E8-BC01-4591-9332-BAA793B4C555}.Release|Any CPU.Build.0 = Release|Any CPU
	EndGlobalSection
	GlobalSection(SolutionProperties) = preSolution
		HideSolutionNode = FALSE
	EndGlobalSection
	GlobalSection(ExtensibilityGlobals) = postSolution
		SolutionGuid = {F9F9681A-FB1E-49B6-AD5E-E64CDD48747C}
	EndGlobalSection
EndGlobal
