<?xml version="1.0" encoding="UTF-8"?>
<CONFIG>
  <ProjectOptions>
    <Version Value="11"/>
    <PathDelim Value="\"/>
    <General>
      <SessionStorage Value="InProjectDir"/>
      <MainUnit Value="0"/>
      <Title Value="RVMasterLog"/>
      <ResourceType Value="res"/>
      <UseXPManifest Value="True"/>
      <Icon Value="0"/>
    </General>
    <BuildModes Count="1">
      <Item1 Name="Default" Default="True"/>
    </BuildModes>
    <PublishOptions>
      <Version Value="2"/>
    </PublishOptions>
    <RunParams>
      <FormatVersion Value="2"/>
      <Modes Count="1">
        <Mode0 Name="default"/>
      </Modes>
    </RunParams>
    <RequiredPackages Count="3">
      <Item1>
        <PackageName Value="DBFLaz"/>
      </Item1>
      <Item2>
        <PackageName Value="FCL"/>
      </Item2>
      <Item3>
        <PackageName Value="LCL"/>
      </Item3>
    </RequiredPackages>
    <Units Count="17">
      <Unit0>
        <Filename Value="RVMasterLog.lpr"/>
        <IsPartOfProject Value="True"/>
      </Unit0>
      <Unit1>
        <Filename Value="main.pas"/>
        <IsPartOfProject Value="True"/>
        <ComponentName Value="frmMain"/>
        <HasResources Value="True"/>
        <ResourceBaseClass Value="Form"/>
        <UnitName Value="Main"/>
      </Unit1>
      <Unit2>
        <Filename Value="appsettings.pas"/>
        <IsPartOfProject Value="True"/>
        <ComponentName Value="frmSettings"/>
        <HasResources Value="True"/>
        <ResourceBaseClass Value="Form"/>
        <UnitName Value="AppSettings"/>
      </Unit2>
      <Unit3>
        <Filename Value="appinit.pas"/>
        <IsPartOfProject Value="True"/>
        <UnitName Value="AppInit"/>
      </Unit3>
      <Unit4>
        <Filename Value="appfinal.pas"/>
        <IsPartOfProject Value="True"/>
        <UnitName Value="AppFinal"/>
      </Unit4>
      <Unit5>
        <Filename Value="..\..\..\HULibs Development\Working Copy\Lazarus Libraries\Units\HUConstants Development\huconstants.pas"/>
        <IsPartOfProject Value="True"/>
        <UnitName Value="HUConstants"/>
      </Unit5>
      <Unit6>
        <Filename Value="..\..\..\HULibs Development\Working Copy\Lazarus Libraries\Units\HUMessageBoxes Development\humessageboxes.pas"/>
        <IsPartOfProject Value="True"/>
        <UnitName Value="HUMessageBoxes"/>
      </Unit6>
      <Unit7>
        <Filename Value="..\..\..\HULibs Development\Working Copy\Lazarus Libraries\Units\HUValidations Development\huvalidations.pas"/>
        <IsPartOfProject Value="True"/>
        <UnitName Value="HUValidations"/>
      </Unit7>
      <Unit8>
        <Filename Value="..\..\..\HULibs Development\Working Copy\Lazarus Libraries\Dialogs\HUNagScreen\hunagscreen.lfm"/>
        <IsPartOfProject Value="True"/>
      </Unit8>
      <Unit9>
        <Filename Value="..\..\..\HULibs Development\Working Copy\Lazarus Libraries\Dialogs\HUNagScreen\hunagscreen.pas"/>
        <IsPartOfProject Value="True"/>
        <ComponentName Value="dlgHUNagScreen"/>
        <HasResources Value="True"/>
        <ResourceBaseClass Value="Form"/>
        <UnitName Value="HUNagScreen"/>
      </Unit9>
      <Unit10>
        <Filename Value="..\..\..\HULibs Development\Working Copy\Lazarus Libraries\Dialogs\HURegistration\huregistration.lfm"/>
        <IsPartOfProject Value="True"/>
      </Unit10>
      <Unit11>
        <Filename Value="..\..\..\HULibs Development\Working Copy\Lazarus Libraries\Dialogs\HURegistration\huregistration.pas"/>
        <IsPartOfProject Value="True"/>
        <ComponentName Value="dlgHURegistration"/>
        <HasResources Value="True"/>
        <ResourceBaseClass Value="Form"/>
        <UnitName Value="HURegistration"/>
      </Unit11>
      <Unit12>
        <Filename Value="rvdata.pas"/>
        <IsPartOfProject Value="True"/>
        <ComponentName Value="frmRVData"/>
        <HasResources Value="True"/>
        <ResourceBaseClass Value="Form"/>
        <UnitName Value="RVData"/>
      </Unit12>
      <Unit13>
        <Filename Value="provtable.pas"/>
        <IsPartOfProject Value="True"/>
        <ComponentName Value="frmProvTable"/>
        <HasResources Value="True"/>
        <ResourceBaseClass Value="Form"/>
        <UnitName Value="ProvTable"/>
      </Unit13>
      <Unit14>
        <Filename Value="manufacturerstable.pas"/>
        <IsPartOfProject Value="True"/>
        <ComponentName Value="frmManufacturersTable"/>
        <HasResources Value="True"/>
        <ResourceBaseClass Value="Form"/>
        <UnitName Value="ManufacturersTable"/>
      </Unit14>
      <Unit15>
        <Filename Value="logbook.pas"/>
        <IsPartOfProject Value="True"/>
        <ComponentName Value="frmLogbook"/>
        <HasResources Value="True"/>
        <ResourceBaseClass Value="Form"/>
        <UnitName Value="Logbook"/>
      </Unit15>
      <Unit16>
        <Filename Value="supplierstable.pas"/>
        <IsPartOfProject Value="True"/>
        <ComponentName Value="frmSuppliersTable"/>
        <HasResources Value="True"/>
        <ResourceBaseClass Value="Form"/>
        <UnitName Value="SuppliersTable"/>
      </Unit16>
    </Units>
  </ProjectOptions>
  <CompilerOptions>
    <Version Value="11"/>
    <PathDelim Value="\"/>
    <Target>
      <Filename Value="RVMasterLog"/>
    </Target>
    <SearchPaths>
      <IncludeFiles Value="$(ProjOutDir)"/>
      <OtherUnitFiles Value="..\..\..\HULibs Development\Working Copy\Lazarus Libraries\Dialogs\DirDialogs\HUDirNameEntry;..\..\..\HULibs Development\Working Copy\Lazarus Libraries\Units\HUConstants Development;..\..\..\HULibs Development\Working Copy\Lazarus Libraries\Units\HUMessageBoxes Development;..\..\..\HULibs Development\Working Copy\Lazarus Libraries\Units\HUValidations Development;..\..\..\HULibs Development\Working Copy\Lazarus Libraries\Dialogs\HUNagScreen;..\..\..\HULibs Development\Working Copy\Lazarus Libraries\Dialogs\HURegistration"/>
      <UnitOutputDirectory Value="lib\$(TargetCPU)-$(TargetOS)"/>
    </SearchPaths>
    <Linking>
      <Options>
        <Win32>
          <GraphicApplication Value="True"/>
        </Win32>
      </Options>
    </Linking>
  </CompilerOptions>
  <Debugging>
    <Exceptions Count="3">
      <Item1>
        <Name Value="EAbort"/>
      </Item1>
      <Item2>
        <Name Value="ECodetoolError"/>
      </Item2>
      <Item3>
        <Name Value="EFOpenError"/>
      </Item3>
    </Exceptions>
  </Debugging>
</CONFIG>
